
Microsoft Visual Studio Solution File, Format Version 12.00
# Visual Studio 15
VisualStudioVersion = 15.0.26124.0
MinimumVisualStudioVersion = 15.0.26124.0
Project("{FAE04EC0-301F-11D3-BF4B-00C04F79EFBC}") = "BlazorApp", "src\BlazorApp.csproj", "{0FCFA72E-723F-4587-8C81-B2C0BFA72064}"
EndProject
Project("{FAE04EC0-301F-11D3-BF4B-00C04F79EFBC}") = "BlazorApp.Test", "test\BlazorApp.Test.csproj", "{B825D8FE-6CA4-4160-968B-E4A42F3E1519}"
EndProject
Global
	GlobalSection(SolutionConfigurationPlatforms) = preSolution
		Debug|Any CPU = Debug|Any CPU
		Debug|x64 = Debug|x64
		Debug|x86 = Debug|x86
		Release|Any CPU = Release|Any CPU
		Release|x64 = Release|x64
		Release|x86 = Release|x86
	EndGlobalSection
	GlobalSection(SolutionProperties) = preSolution
		HideSolutionNode = FALSE
	EndGlobalSection
	GlobalSection(ProjectConfigurationPlatforms) = postSolution
		{0FCFA72E-723F-4587-8C81-B2C0BFA72064}.Debug|Any CPU.ActiveCfg = Debug|Any CPU
		{0FCFA72E-723F-4587-8C81-B2C0BFA72064}.Debug|Any CPU.Build.0 = Debug|Any CPU
		{0FCFA72E-723F-4587-8C81-B2C0BFA72064}.Debug|x64.ActiveCfg = Debug|Any CPU
		{0FCFA72E-723F-4587-8C81-B2C0BFA72064}.Debug|x64.Build.0 = Debug|Any CPU
		{0FCFA72E-723F-4587-8C81-B2C0BFA72064}.Debug|x86.ActiveCfg = Debug|Any CPU
		{0FCFA72E-723F-4587-8C81-B2C0BFA72064}.Debug|x86.Build.0 = Debug|Any CPU
		{0FCFA72E-723F-4587-8C81-B2C0BFA72064}.Release|Any CPU.ActiveCfg = Release|Any CPU
		{0FCFA72E-723F-4587-8C81-B2C0BFA72064}.Release|Any CPU.Build.0 = Release|Any CPU
		{0FCFA72E-723F-4587-8C81-B2C0BFA72064}.Release|x64.ActiveCfg = Release|Any CPU
		{0FCFA72E-723F-4587-8C81-B2C0BFA72064}.Release|x64.Build.0 = Release|Any CPU
		{0FCFA72E-723F-4587-8C81-B2C0BFA72064}.Release|x86.ActiveCfg = Release|Any CPU
		{0FCFA72E-723F-4587-8C81-B2C0BFA72064}.Release|x86.Build.0 = Release|Any CPU
		{B825D8FE-6CA4-4160-968B-E4A42F3E1519}.Debug|Any CPU.ActiveCfg = Debug|Any CPU
		{B825D8FE-6CA4-4160-968B-E4A42F3E1519}.Debug|Any CPU.Build.0 = Debug|Any CPU
		{B825D8FE-6CA4-4160-968B-E4A42F3E1519}.Debug|x64.ActiveCfg = Debug|Any CPU
		{B825D8FE-6CA4-4160-968B-E4A42F3E1519}.Debug|x64.Build.0 = Debug|Any CPU
		{B825D8FE-6CA4-4160-968B-E4A42F3E1519}.Debug|x86.ActiveCfg = Debug|Any CPU
		{B825D8FE-6CA4-4160-968B-E4A42F3E1519}.Debug|x86.Build.0 = Debug|Any CPU
		{B825D8FE-6CA4-4160-968B-E4A42F3E1519}.Release|Any CPU.ActiveCfg = Release|Any CPU
		{B825D8FE-6CA4-4160-968B-E4A42F3E1519}.Release|Any CPU.Build.0 = Release|Any CPU
		{B825D8FE-6CA4-4160-968B-E4A42F3E1519}.Release|x64.ActiveCfg = Release|Any CPU
		{B825D8FE-6CA4-4160-968B-E4A42F3E1519}.Release|x64.Build.0 = Release|Any CPU
		{B825D8FE-6CA4-4160-968B-E4A42F3E1519}.Release|x86.ActiveCfg = Release|Any CPU
		{B825D8FE-6CA4-4160-968B-E4A42F3E1519}.Release|x86.Build.0 = Release|Any CPU
	EndGlobalSection
EndGlobal
